
Microsoft Visual Studio Solution File, Format Version 12.00
# Visual Studio Version 16
VisualStudioVersion = 16.0.31129.286
MinimumVisualStudioVersion = 10.0.40219.1
Project("{FAE04EC0-301F-11D3-BF4B-00C04F79EFBC}") = "ModelSelectByScreenPosition", "ModelSelectByScreenPosition\ModelSelectByScreenPosition.csproj", "{2C6E29FA-E040-45C7-9D6A-4652307B3801}"
EndProject
Global
	GlobalSection(SolutionConfigurationPlatforms) = preSolution
		Debug|Any CPU = Debug|Any CPU
		Release|Any CPU = Release|Any CPU
	EndGlobalSection
	GlobalSection(ProjectConfigurationPlatforms) = postSolution
		{2C6E29FA-E040-45C7-9D6A-4652307B3801}.Debug|Any CPU.ActiveCfg = Debug|Any CPU
		{2C6E29FA-E040-45C7-9D6A-4652307B3801}.Debug|Any CPU.Build.0 = Debug|Any CPU
		{2C6E29FA-E040-45C7-9D6A-4652307B3801}.Release|Any CPU.ActiveCfg = Release|Any CPU
		{2C6E29FA-E040-45C7-9D6A-4652307B3801}.Release|Any CPU.Build.0 = Release|Any CPU
	EndGlobalSection
	GlobalSection(SolutionProperties) = preSolution
		HideSolutionNode = FALSE
	EndGlobalSection
	GlobalSection(ExtensibilityGlobals) = postSolution
		SolutionGuid = {03ADCD20-77C4-4CA5-AB15-66CA1F5F99CF}
	EndGlobalSection
EndGlobal
